
Microsoft Visual Studio Solution File, Format Version 12.00
# Visual Studio 15
VisualStudioVersion = 15.0.26430.16
MinimumVisualStudioVersion = 10.0.40219.1
Project("{FAE04EC0-301F-11D3-BF4B-00C04F79EFBC}") = "FinTrack.Shell", "FinTrack.Shell\FinTrack.Shell.csproj", "{14998A7B-A3CF-49AC-B833-C63533CABC7C}"
	ProjectSection(ProjectDependencies) = postProject
		{7851C79A-CD7D-458A-981C-E178F4EADAEC} = {7851C79A-CD7D-458A-981C-E178F4EADAEC}
	EndProjectSection
EndProject
Project("{2150E333-8FDC-42A3-9474-1A3956D46DE8}") = "UI", "UI", "{69596000-5DE9-42A8-A51F-E9337B4DF709}"
EndProject
Project("{2150E333-8FDC-42A3-9474-1A3956D46DE8}") = "Components", "Components", "{12535BE3-F151-4C61-B3B9-92BD10C6CA8A}"
EndProject
Project("{FAE04EC0-301F-11D3-BF4B-00C04F79EFBC}") = "Service.Global", "Service.Global\Service.Global.csproj", "{7851C79A-CD7D-458A-981C-E178F4EADAEC}"
EndProject
Project("{FAE04EC0-301F-11D3-BF4B-00C04F79EFBC}") = "UI.Shared", "Ui.Shared\UI.Shared.csproj", "{CFDEA0D3-BEE6-467B-859C-683EDDEE7994}"
EndProject
Project("{FAE04EC0-301F-11D3-BF4B-00C04F79EFBC}") = "UI.CalendarModule", "Ui.CalendarModule\UI.CalendarModule.csproj", "{5A477E99-8D30-4F34-B2A5-925F78DCF10B}"
EndProject
Project("{FAE04EC0-301F-11D3-BF4B-00C04F79EFBC}") = "Service.Data", "Service.Data\Service.Data.csproj", "{78425C73-E5C1-4505-BDD3-639CD542DFD8}"
EndProject
Project("{FAE04EC0-301F-11D3-BF4B-00C04F79EFBC}") = "UI.SidePanelModule", "UI.SidePanelModule\UI.SidePanelModule.csproj", "{B7BD56E3-923E-4184-9959-5E7ABC0038AA}"
EndProject
Project("{FAE04EC0-301F-11D3-BF4B-00C04F79EFBC}") = "UI.WindowCommandsModule", "UI.WindowCommandsModule\UI.WindowCommandsModule.csproj", "{43918A95-EC7A-4E0A-A1FB-A2E0860E3769}"
EndProject
Project("{FAE04EC0-301F-11D3-BF4B-00C04F79EFBC}") = "Service.Data.Models", "Service.Data.Models\Service.Data.Models.csproj", "{C18514A6-96E9-42F6-A7AA-9F6F34E98C58}"
EndProject
Global
	GlobalSection(SolutionConfigurationPlatforms) = preSolution
		Debug|Any CPU = Debug|Any CPU
		Release|Any CPU = Release|Any CPU
	EndGlobalSection
	GlobalSection(ProjectConfigurationPlatforms) = postSolution
		{14998A7B-A3CF-49AC-B833-C63533CABC7C}.Debug|Any CPU.ActiveCfg = Debug|Any CPU
		{14998A7B-A3CF-49AC-B833-C63533CABC7C}.Debug|Any CPU.Build.0 = Debug|Any CPU
		{14998A7B-A3CF-49AC-B833-C63533CABC7C}.Release|Any CPU.ActiveCfg = Release|Any CPU
		{14998A7B-A3CF-49AC-B833-C63533CABC7C}.Release|Any CPU.Build.0 = Release|Any CPU
		{7851C79A-CD7D-458A-981C-E178F4EADAEC}.Debug|Any CPU.ActiveCfg = Debug|Any CPU
		{7851C79A-CD7D-458A-981C-E178F4EADAEC}.Debug|Any CPU.Build.0 = Debug|Any CPU
		{7851C79A-CD7D-458A-981C-E178F4EADAEC}.Release|Any CPU.ActiveCfg = Release|Any CPU
		{7851C79A-CD7D-458A-981C-E178F4EADAEC}.Release|Any CPU.Build.0 = Release|Any CPU
		{CFDEA0D3-BEE6-467B-859C-683EDDEE7994}.Debug|Any CPU.ActiveCfg = Debug|Any CPU
		{CFDEA0D3-BEE6-467B-859C-683EDDEE7994}.Debug|Any CPU.Build.0 = Debug|Any CPU
		{CFDEA0D3-BEE6-467B-859C-683EDDEE7994}.Release|Any CPU.ActiveCfg = Release|Any CPU
		{CFDEA0D3-BEE6-467B-859C-683EDDEE7994}.Release|Any CPU.Build.0 = Release|Any CPU
		{5A477E99-8D30-4F34-B2A5-925F78DCF10B}.Debug|Any CPU.ActiveCfg = Debug|Any CPU
		{5A477E99-8D30-4F34-B2A5-925F78DCF10B}.Debug|Any CPU.Build.0 = Debug|Any CPU
		{5A477E99-8D30-4F34-B2A5-925F78DCF10B}.Release|Any CPU.ActiveCfg = Release|Any CPU
		{5A477E99-8D30-4F34-B2A5-925F78DCF10B}.Release|Any CPU.Build.0 = Release|Any CPU
		{78425C73-E5C1-4505-BDD3-639CD542DFD8}.Debug|Any CPU.ActiveCfg = Debug|Any CPU
		{78425C73-E5C1-4505-BDD3-639CD542DFD8}.Debug|Any CPU.Build.0 = Debug|Any CPU
		{78425C73-E5C1-4505-BDD3-639CD542DFD8}.Release|Any CPU.ActiveCfg = Release|Any CPU
		{78425C73-E5C1-4505-BDD3-639CD542DFD8}.Release|Any CPU.Build.0 = Release|Any CPU
		{B7BD56E3-923E-4184-9959-5E7ABC0038AA}.Debug|Any CPU.ActiveCfg = Debug|Any CPU
		{B7BD56E3-923E-4184-9959-5E7ABC0038AA}.Debug|Any CPU.Build.0 = Debug|Any CPU
		{B7BD56E3-923E-4184-9959-5E7ABC0038AA}.Release|Any CPU.ActiveCfg = Release|Any CPU
		{B7BD56E3-923E-4184-9959-5E7ABC0038AA}.Release|Any CPU.Build.0 = Release|Any CPU
		{43918A95-EC7A-4E0A-A1FB-A2E0860E3769}.Debug|Any CPU.ActiveCfg = Debug|Any CPU
		{43918A95-EC7A-4E0A-A1FB-A2E0860E3769}.Debug|Any CPU.Build.0 = Debug|Any CPU
		{43918A95-EC7A-4E0A-A1FB-A2E0860E3769}.Release|Any CPU.ActiveCfg = Release|Any CPU
		{43918A95-EC7A-4E0A-A1FB-A2E0860E3769}.Release|Any CPU.Build.0 = Release|Any CPU
		{C18514A6-96E9-42F6-A7AA-9F6F34E98C58}.Debug|Any CPU.ActiveCfg = Debug|Any CPU
		{C18514A6-96E9-42F6-A7AA-9F6F34E98C58}.Debug|Any CPU.Build.0 = Debug|Any CPU
		{C18514A6-96E9-42F6-A7AA-9F6F34E98C58}.Release|Any CPU.ActiveCfg = Release|Any CPU
		{C18514A6-96E9-42F6-A7AA-9F6F34E98C58}.Release|Any CPU.Build.0 = Release|Any CPU
	EndGlobalSection
	GlobalSection(SolutionProperties) = preSolution
		HideSolutionNode = FALSE
	EndGlobalSection
	GlobalSection(NestedProjects) = preSolution
		{7851C79A-CD7D-458A-981C-E178F4EADAEC} = {12535BE3-F151-4C61-B3B9-92BD10C6CA8A}
		{CFDEA0D3-BEE6-467B-859C-683EDDEE7994} = {69596000-5DE9-42A8-A51F-E9337B4DF709}
		{5A477E99-8D30-4F34-B2A5-925F78DCF10B} = {69596000-5DE9-42A8-A51F-E9337B4DF709}
		{78425C73-E5C1-4505-BDD3-639CD542DFD8} = {12535BE3-F151-4C61-B3B9-92BD10C6CA8A}
		{B7BD56E3-923E-4184-9959-5E7ABC0038AA} = {69596000-5DE9-42A8-A51F-E9337B4DF709}
		{43918A95-EC7A-4E0A-A1FB-A2E0860E3769} = {69596000-5DE9-42A8-A51F-E9337B4DF709}
		{C18514A6-96E9-42F6-A7AA-9F6F34E98C58} = {12535BE3-F151-4C61-B3B9-92BD10C6CA8A}
	EndGlobalSection
EndGlobal
